# This file is autogenerated, do not edit; changes may be undone by the next 'dep ensure'.


[[projects]]
  branch = "master"
  name = "github.com/PagerDuty/godspeed"
  packages = ["."]
  revision = "6d136386b5f291797c77764dfd2acc950dc27347"

[[projects]]
  name = "github.com/Shopify/sarama"
  packages = ["."]
  revision = "3b1b38866a79f06deddf0487d5c27ba0697ccd65"
  version = "v1.15.0"

[[projects]]
  name = "github.com/Sirupsen/logrus"
  packages = ["."]
  revision = "202f25545ea4cf9b191ff7f846df5d87c9382c2b"
  version = "v1.0.0"

[[projects]]
  branch = "master"
  name = "github.com/beorn7/perks"
  packages = ["quantile"]
  revision = "3a771d992973f24aa725d07868b467d1ddfceafb"

[[projects]]
  name = "github.com/davecgh/go-spew"
  packages = ["spew"]
  revision = "346938d642f2ec3594ed81d874461961cd0faa76"
  version = "v1.1.0"

[[projects]]
  name = "github.com/docker/go-units"
  packages = ["."]
  revision = "0dadbb0345b35ec7ef35e228dabb8de89a65bf52"
  version = "v0.3.2"

[[projects]]
  name = "github.com/eapache/go-resiliency"
  packages = ["breaker"]
  revision = "6800482f2c813e689c88b7ed3282262385011890"
  version = "v1.0.0"

[[projects]]
  branch = "master"
  name = "github.com/eapache/go-xerial-snappy"
  packages = ["."]
  revision = "bb955e01b9346ac19dc29eb16586c90ded99a98c"

[[projects]]
  name = "github.com/eapache/queue"
  packages = ["."]
  revision = "ded5959c0d4e360646dc9e9908cff48666781367"
  version = "v1.0.2"

[[projects]]
  name = "github.com/golang/protobuf"
  packages = ["proto"]
  revision = "b4deda0973fb4c70b50d226b1af49f3da59f5265"
  version = "v1.1.0"

[[projects]]
  branch = "master"
  name = "github.com/golang/snappy"
  packages = ["."]
  revision = "553a641470496b2327abcac10b36396bd98e45c9"

[[projects]]
  name = "github.com/influxdata/influxdb"
  packages = [
    "client/v2",
    "models",
    "pkg/escape"
  ]
  revision = "76124df5c121e411e99807b9473a03eb785cd43b"
  version = "v1.3.0"

[[projects]]
  name = "github.com/matttproud/golang_protobuf_extensions"
  packages = ["pbutil"]
  revision = "c12348ce28de40eed0136aa2b644d0ee0650e56c"
  version = "v1.0.1"

[[projects]]
  name = "github.com/pierrec/lz4"
  packages = ["."]
  revision = "5c9560bfa9ace2bf86080bf40d46b34ae44604df"
  version = "v1.0"

[[projects]]
  name = "github.com/pierrec/xxHash"
  packages = ["xxHash32"]
  revision = "f051bb7f1d1aaf1b5a665d74fb6b0217712c69f7"
  version = "v0.1.1"

[[projects]]
  name = "github.com/pmezard/go-difflib"
  packages = ["difflib"]
  revision = "792786c7400a136282c1664665ae0a8db921c6c2"
  version = "v1.0.0"

[[projects]]
  name = "github.com/prometheus/client_golang"
  packages = ["prometheus"]
  revision = "c5b7fccd204277076155f10851dad72b76a49317"
  version = "v0.8.0"

[[projects]]
  branch = "master"
  name = "github.com/prometheus/client_model"
  packages = ["go"]
  revision = "99fa1f4be8e564e8a6b613da7fa6f46c9edafc6c"

[[projects]]
  branch = "master"
  name = "github.com/prometheus/common"
  packages = [
    "expfmt",
    "internal/bitbucket.org/ww/goautoneg",
    "model"
  ]
  revision = "7600349dcfe1abd18d72d3a1770870d9800a7801"

[[projects]]
  branch = "master"
  name = "github.com/prometheus/procfs"
  packages = [
    ".",
    "internal/util",
    "nfs",
    "xfs"
  ]
  revision = "7d6f385de8bea29190f15ba9931442a0eaef9af7"

[[projects]]
  branch = "master"
  name = "github.com/rcrowley/go-metrics"
  packages = ["."]
  revision = "1f30fe9094a513ce4c700b9a54458bbb0c96996c"

[[projects]]
  name = "github.com/stretchr/testify"
  packages = ["assert"]
  revision = "69483b4bd14f5845b5a1e55bca19e954e827f1d0"
  version = "v1.1.4"

[[projects]]
  branch = "master"
  name = "golang.org/x/sys"
  packages = ["unix"]
  revision = "739734461d1c916b6c72a63d7efda2b27edb369f"

[solve-meta]
  analyzer-name = "dep"
  analyzer-version = 1
  inputs-digest = "2f4b4cc94bf9c1ddef6a8f4e68d6a8b4ed4ecdef360e70e3ed9ed4c1dd9e6aa7"
  solver-name = "gps-cdcl"
  solver-version = 1
